
Microsoft Visual Studio Solution File, Format Version 12.00
# Visual Studio Version 16
VisualStudioVersion = 16.0.30406.217
MinimumVisualStudioVersion = 10.0.40219.1
Project("{FAE04EC0-301F-11D3-BF4B-00C04F79EFBC}") = "XiangJiang.Caching.Memory", "XiangJiang.Caching.Memory\XiangJiang.Caching.Memory.csproj", "{BE7C3AEC-AA76-46A5-A2E9-541E10F59FA5}"
EndProject
Global
	GlobalSection(SolutionConfigurationPlatforms) = preSolution
		Debug|Any CPU = Debug|Any CPU
		Release|Any CPU = Release|Any CPU
	EndGlobalSection
	GlobalSection(ProjectConfigurationPlatforms) = postSolution
		{BE7C3AEC-AA76-46A5-A2E9-541E10F59FA5}.Debug|Any CPU.ActiveCfg = Debug|Any CPU
		{BE7C3AEC-AA76-46A5-A2E9-541E10F59FA5}.Debug|Any CPU.Build.0 = Debug|Any CPU
		{BE7C3AEC-AA76-46A5-A2E9-541E10F59FA5}.Release|Any CPU.ActiveCfg = Release|Any CPU
		{BE7C3AEC-AA76-46A5-A2E9-541E10F59FA5}.Release|Any CPU.Build.0 = Release|Any CPU
	EndGlobalSection
	GlobalSection(SolutionProperties) = preSolution
		HideSolutionNode = FALSE
	EndGlobalSection
	GlobalSection(ExtensibilityGlobals) = postSolution
		SolutionGuid = {E12CE4FC-C4A2-457B-9B27-BA8A4BD6B55C}
	EndGlobalSection
EndGlobal
